<?xml version="1.0" encoding="utf-8"?>
<Project ToolsVersion="4.0" xmlns="http://schemas.microsoft.com/developer/msbuild/2003">
  <ItemGroup>
    <Filter Include="Source Files">
      <UniqueIdentifier>{4FC737F1-C7A5-4376-A066-2A32D752A2FF}</UniqueIdentifier>
      <Extensions>cpp;c;cc;cxx;def;odl;idl;hpj;bat;asm;asmx</Extensions>
    </Filter>
    <Filter Include="Header Files">
      <UniqueIdentifier>{93995380-89BD-4b04-88EB-625FBE52EBFB}</UniqueIdentifier>
      <Extensions>h;hh;hpp;hxx;hm;inl;inc;xsd</Extensions>
    </Filter>
    <Filter Include="Resource Files">
      <UniqueIdentifier>{67DA6AB6-F800-4c08-8B7A-83BB121AAD01}</UniqueIdentifier>
      <Extensions>rc;ico;cur;bmp;dlg;rc2;rct;bin;rgs;gif;jpg;jpeg;jpe;resx;tiff;tif;png;wav;mfcribbon-ms</Extensions>
    </Filter>
  </ItemGroup>
  <ItemGroup>
    <ClCompile Include="Source\Private\Camera.cpp">
      <Filter>Source Files</Filter>
    </ClCompile>
    <ClCompile Include="Source\Private\CameraComponent.cpp">
      <Filter>Source Files</Filter>
    </ClCompile>
    <ClCompile Include="Source\Private\ComponentBase.cpp">
      <Filter>Source Files</Filter>
    </ClCompile>
    <ClCompile Include="Source\Private\EngineBase.cpp">
      <Filter>Source Files</Filter>
    </ClCompile>
    <ClCompile Include="Source\Private\GameInstance.cpp">
      <Filter>Source Files</Filter>
    </ClCompile>
    <ClCompile Include="Source\Private\GameStatics.cpp">
      <Filter>Source Files</Filter>
    </ClCompile>
    <ClCompile Include="Source\Private\main.cpp">
      <Filter>Source Files</Filter>
    </ClCompile>
    <ClCompile Include="Source\Private\Material.cpp">
      <Filter>Source Files</Filter>
    </ClCompile>
    <ClCompile Include="Source\Private\ObjectBase.cpp">
      <Filter>Source Files</Filter>
    </ClCompile>
    <ClCompile Include="Source\Private\ObjectFactory.cpp">
      <Filter>Source Files</Filter>
    </ClCompile>
    <ClCompile Include="Source\Private\Transform.cpp">
      <Filter>Source Files</Filter>
    </ClCompile>
    <ClCompile Include="Source\Private\TriangleDrawComponent.cpp">
      <Filter>Source Files</Filter>
    </ClCompile>
    <ClCompile Include="Source\Private\TriangleDrawer.cpp">
      <Filter>Source Files</Filter>
    </ClCompile>
    <ClCompile Include="Source\Private\World.cpp">
      <Filter>Source Files</Filter>
    </ClCompile>
    <ClCompile Include="Source\Private\WorldComponent.cpp">
      <Filter>Source Files</Filter>
    </ClCompile>
    <ClCompile Include="Source\Private\WorldObject.cpp">
      <Filter>Source Files</Filter>
    </ClCompile>
    <ClCompile Include="Source\Private\AssetManager.cpp">
      <Filter>Source Files</Filter>
    </ClCompile>
    <ClCompile Include="Source\Private\Shader.cpp">
      <Filter>Source Files</Filter>
    </ClCompile>
    <ClCompile Include="Source\Private\StaticMesh.cpp">
      <Filter>Source Files</Filter>
    </ClCompile>
    <ClCompile Include="Source\Private\StaticMeshComponent.cpp">
      <Filter>Source Files</Filter>
    </ClCompile>
    <ClCompile Include="Source\Private\Texture2D.cpp">
      <Filter>Source Files</Filter>
    </ClCompile>
    <ClCompile Include="Source\Private\AssetLoaders.cpp">
      <Filter>Source Files</Filter>
    </ClCompile>
    <ClCompile Include="Source\Private\Texture.cpp">
      <Filter>Source Files</Filter>
    </ClCompile>
    <ClCompile Include="Source\Private\CubeMap.cpp">
      <Filter>Source Files</Filter>
    </ClCompile>
    <ClCompile Include="Source\Private\Skybox.cpp">
      <Filter>Source Files</Filter>
    </ClCompile>
    <ClCompile Include="Source\Private\RenderTarget.cpp">
      <Filter>Source Files</Filter>
    </ClCompile>
    <ClCompile Include="Source\Private\SystemBase.cpp">
      <Filter>Source Files</Filter>
    </ClCompile>
    <ClCompile Include="Source\Private\RenderManager.cpp">
      <Filter>Source Files</Filter>
    </ClCompile>
    <ClCompile Include="Source\Private\CubeCamera.cpp">
      <Filter>Source Files</Filter>
    </ClCompile>
    <ClCompile Include="Source\Private\Delegate.cpp">
      <Filter>Source Files</Filter>
    </ClCompile>
    <ClCompile Include="Source\Private\ImguiFunctions.cpp">
      <Filter>Source Files</Filter>
    </ClCompile>
    <ClCompile Include="Source\Private\Serializer.cpp">
      <Filter>Source Files</Filter>
    </ClCompile>
    <ClCompile Include="Source\Private\DataTypes.cpp">
      <Filter>Source Files</Filter>
    </ClCompile>
    <ClCompile Include="Source\Private\PointLight.cpp">
      <Filter>Source Files</Filter>
    </ClCompile>
    <ClCompile Include="Source\Private\Light.cpp">
      <Filter>Source Files</Filter>
    </ClCompile>
    <ClCompile Include="Source\Private\UniformBufferObject.cpp">
      <Filter>Source Files</Filter>
    </ClCompile>
    <ClCompile Include="Source\Private\DirectionalLight.cpp">
      <Filter>Source Files</Filter>
    </ClCompile>
    <ClCompile Include="Source\Private\DebugDraw.cpp">
      <Filter>Source Files</Filter>
    </ClCompile>
    <ClCompile Include="Source\Private\Input.cpp">
      <Filter>Source Files</Filter>
    </ClCompile>
    <ClCompile Include="Source\Private\PhysicsManager.cpp">
      <Filter>Source Files</Filter>
    </ClCompile>
    <ClCompile Include="Source\Private\RigidbodyComponent.cpp">
      <Filter>Source Files</Filter>
    </ClCompile>
    <ClCompile Include="Source\Private\BoxComponent.cpp">
      <Filter>Source Files</Filter>
    </ClCompile>
    <ClCompile Include="Source\Private\Box.cpp">
      <Filter>Source Files</Filter>
    </ClCompile>
    <ClCompile Include="Source\Private\Vector3.cpp">
      <Filter>Source Files</Filter>
    </ClCompile>
  </ItemGroup>
  <ItemGroup>
    <ClInclude Include="Source\Public\Camera.h">
      <Filter>Header Files</Filter>
    </ClInclude>
    <ClInclude Include="Source\Public\CameraComponent.h">
      <Filter>Header Files</Filter>
    </ClInclude>
    <ClInclude Include="Source\Public\ComponentBase.h">
      <Filter>Header Files</Filter>
    </ClInclude>
    <ClInclude Include="Source\Public\EngineBase.h">
      <Filter>Header Files</Filter>
    </ClInclude>
    <ClInclude Include="Source\Public\EnginePCH.h">
      <Filter>Header Files</Filter>
    </ClInclude>
    <ClInclude Include="Source\Public\GameInstance.h">
      <Filter>Header Files</Filter>
    </ClInclude>
    <ClInclude Include="Source\Public\GameStatics.h">
      <Filter>Header Files</Filter>
    </ClInclude>
    <ClInclude Include="Source\Public\Material.h">
      <Filter>Header Files</Filter>
    </ClInclude>
    <ClInclude Include="Source\Public\ObjectBase.h">
      <Filter>Header Files</Filter>
    </ClInclude>
    <ClInclude Include="Source\Public\ObjectFactory.h">
      <Filter>Header Files</Filter>
    </ClInclude>
    <ClInclude Include="Source\Public\Transform.h">
      <Filter>Header Files</Filter>
    </ClInclude>
    <ClInclude Include="Source\Public\TriangleDrawComponent.h">
      <Filter>Header Files</Filter>
    </ClInclude>
    <ClInclude Include="Source\Public\TriangleDrawer.h">
      <Filter>Header Files</Filter>
    </ClInclude>
    <ClInclude Include="Source\Public\World.h">
      <Filter>Header Files</Filter>
    </ClInclude>
    <ClInclude Include="Source\Public\WorldComponent.h">
      <Filter>Header Files</Filter>
    </ClInclude>
    <ClInclude Include="Source\Public\WorldObject.h">
      <Filter>Header Files</Filter>
    </ClInclude>
    <ClInclude Include="Source\Public\AssetManager.h">
      <Filter>Header Files</Filter>
    </ClInclude>
    <ClInclude Include="Source\Public\Shader.h">
      <Filter>Header Files</Filter>
    </ClInclude>
    <ClInclude Include="Source\Public\DataTypes.h">
      <Filter>Header Files</Filter>
    </ClInclude>
    <ClInclude Include="Source\Public\StaticMesh.h">
      <Filter>Header Files</Filter>
    </ClInclude>
    <ClInclude Include="Source\Public\StaticMeshComponent.h">
      <Filter>Header Files</Filter>
    </ClInclude>
    <ClInclude Include="Source\Public\Texture2D.h">
      <Filter>Header Files</Filter>
    </ClInclude>
    <ClInclude Include="Source\Public\AssetLoaders.h">
      <Filter>Header Files</Filter>
    </ClInclude>
    <ClInclude Include="Source\Public\CubeMap.h">
      <Filter>Header Files</Filter>
    </ClInclude>
    <ClInclude Include="Source\Public\Texture.h">
      <Filter>Header Files</Filter>
    </ClInclude>
    <ClInclude Include="Source\Public\GlobalStatics.h">
      <Filter>Header Files</Filter>
    </ClInclude>
    <ClInclude Include="Source\Public\Skybox.h">
      <Filter>Header Files</Filter>
    </ClInclude>
    <ClInclude Include="Source\Public\RenderTarget.h">
      <Filter>Header Files</Filter>
    </ClInclude>
    <ClInclude Include="Source\Public\SystemBase.h">
      <Filter>Header Files</Filter>
    </ClInclude>
    <ClInclude Include="Source\Public\RenderManager.h">
      <Filter>Header Files</Filter>
    </ClInclude>
    <ClInclude Include="Source\Public\CubeCamera.h">
      <Filter>Header Files</Filter>
    </ClInclude>
    <ClInclude Include="Source\Public\Delegate.h">
      <Filter>Header Files</Filter>
    </ClInclude>
    <ClInclude Include="Source\Public\ImguiFunctions.h">
      <Filter>Header Files</Filter>
    </ClInclude>
    <ClInclude Include="Source\Public\Serializer.h">
      <Filter>Header Files</Filter>
    </ClInclude>
    <ClInclude Include="Source\Public\Engine.h">
      <Filter>Header Files</Filter>
    </ClInclude>
    <ClInclude Include="Source\Public\PointLight.h">
      <Filter>Header Files</Filter>
    </ClInclude>
    <ClInclude Include="Source\Public\Light.h">
      <Filter>Header Files</Filter>
    </ClInclude>
    <ClInclude Include="Source\Public\UniformBufferObject.h">
      <Filter>Header Files</Filter>
    </ClInclude>
    <ClInclude Include="Source\Public\DirectionalLight.h">
      <Filter>Header Files</Filter>
    </ClInclude>
    <ClInclude Include="Source\Public\DebugDraw.h">
      <Filter>Header Files</Filter>
    </ClInclude>
    <ClInclude Include="Source\Public\Input.h">
      <Filter>Header Files</Filter>
    </ClInclude>
    <ClInclude Include="Source\Public\PhysicsManager.h">
      <Filter>Header Files</Filter>
    </ClInclude>
    <ClInclude Include="Source\Public\RigidbodyComponent.h">
      <Filter>Header Files</Filter>
    </ClInclude>
    <ClInclude Include="Source\Public\BoxComponent.h">
      <Filter>Header Files</Filter>
    </ClInclude>
    <ClInclude Include="Source\Public\Box.h">
      <Filter>Header Files</Filter>
    </ClInclude>
    <ClInclude Include="Source\Public\Vector3.h">
      <Filter>Header Files</Filter>
    </ClInclude>
  </ItemGroup>
  <ItemGroup>
    <None Include="Assets\Materials\tutorial2.frag" />
    <None Include="Assets\Materials\MaterialDefault.mat" />
    <None Include="Assets\Materials\colorLit.frag" />
    <None Include="Assets\Materials\testMatFunc.mtlfunc" />
    <None Include="Assets\Materials\test.mf" />
    <None Include="Assets\Materials\UsefulGLSLStatics.mf" />
    <None Include="Assets\Materials\DrawDiffuseMap.frag" />
    <None Include="Assets\Materials\DrawNormalMap.frag" />
    <None Include="Assets\Materials\DrawSpecularMap.frag" />
    <None Include="Assets\Materials\Default\default.frag" />
    <None Include="Assets\Materials\Default\default.vert" />
    <None Include="Assets\Materials\Default\defaultPBR.vert" />
    <None Include="Assets\Materials\Default\defaultPBR.frag" />
    <None Include="Assets\Materials\Default\skybox.frag" />
    <None Include="Assets\Materials\Default\skybox.vert" />
    <None Include="Assets\Materials\Default\equirectangularToCube.vert" />
    <None Include="Assets\Materials\Default\equirectangularToCube.frag" />
    <None Include="Assets\Materials\Default\createIrradianceMap.frag" />
    <None Include="Assets\Materials\Default\createIrradianceMap.vert" />
    <None Include="Assets\Materials\Default\PBRFunctions.func" />
    <None Include="Assets\Materials\Default\createBRDF.vert" />
    <None Include="Assets\Materials\Default\createBRDF.frag" />
    <None Include="Assets\Materials\Default\prefilterEnvMap.frag" />
    <None Include="Assets\Materials\Default\prefilterEnvMap.vert" />
    <None Include="Assets\Materials\Default\generatePointShadows.frag" />
    <None Include="Assets\Materials\Default\generatePointShadows.geom" />
    <None Include="Assets\Materials\Default\generatePointShadows.vert" />
    <None Include="Assets\Materials\Default\generateDirectionalShadows.frag" />
    <None Include="Assets\Materials\Default\generateDirectionalShadows.vert" />
  </ItemGroup>
</Project>